Microsoft Visual Studio Solution File, Format Version 12.00
# Visual Studio Version 17
VisualStudioVersion = 17.5.2.0
MinimumVisualStudioVersion = 10.0.40219.1
Project("{FAE04EC0-301F-11D3-BF4B-00C04F79EFBC}") = "semana05-1", "semana05-1.csproj", "{75AA336B-8F97-D93E-7A85-BEB8FD5971F6}"
EndProject
Global
	GlobalSection(SolutionConfigurationPlatforms) = preSolution
		Debug|Any CPU = Debug|Any CPU
		Release|Any CPU = Release|Any CPU
	EndGlobalSection
	GlobalSection(ProjectConfigurationPlatforms) = postSolution
		{75AA336B-8F97-D93E-7A85-BEB8FD5971F6}.Debug|Any CPU.ActiveCfg = Debug|Any CPU
		{75AA336B-8F97-D93E-7A85-BEB8FD5971F6}.Debug|Any CPU.Build.0 = Debug|Any CPU
		{75AA336B-8F97-D93E-7A85-BEB8FD5971F6}.Release|Any CPU.ActiveCfg = Release|Any CPU
		{75AA336B-8F97-D93E-7A85-BEB8FD5971F6}.Release|Any CPU.Build.0 = Release|Any CPU
	EndGlobalSection
	GlobalSection(SolutionProperties) = preSolution
		HideSolutionNode = FALSE
	EndGlobalSection
	GlobalSection(ExtensibilityGlobals) = postSolution
		SolutionGuid = {E3F60C20-6AC3-4A88-BFE3-8F8E6EECF296}
	EndGlobalSection
EndGlobal
