Microsoft Visual Studio Solution File, Format Version 12.00
# Visual Studio Version 17
VisualStudioVersion = 17.5.2.0
MinimumVisualStudioVersion = 10.0.40219.1
Project("{FAE04EC0-301F-11D3-BF4B-00C04F79EFBC}") = "semana05-3", "semana05-3.csproj", "{D16C7300-396E-3001-F4B4-AEAB4D48EBE2}"
EndProject
Global
	GlobalSection(SolutionConfigurationPlatforms) = preSolution
		Debug|Any CPU = Debug|Any CPU
		Release|Any CPU = Release|Any CPU
	EndGlobalSection
	GlobalSection(ProjectConfigurationPlatforms) = postSolution
		{D16C7300-396E-3001-F4B4-AEAB4D48EBE2}.Debug|Any CPU.ActiveCfg = Debug|Any CPU
		{D16C7300-396E-3001-F4B4-AEAB4D48EBE2}.Debug|Any CPU.Build.0 = Debug|Any CPU
		{D16C7300-396E-3001-F4B4-AEAB4D48EBE2}.Release|Any CPU.ActiveCfg = Release|Any CPU
		{D16C7300-396E-3001-F4B4-AEAB4D48EBE2}.Release|Any CPU.Build.0 = Release|Any CPU
	EndGlobalSection
	GlobalSection(SolutionProperties) = preSolution
		HideSolutionNode = FALSE
	EndGlobalSection
	GlobalSection(ExtensibilityGlobals) = postSolution
		SolutionGuid = {8A1306B3-BF85-4DCA-8965-A63D6C89B2D2}
	EndGlobalSection
EndGlobal
